
Microsoft Visual Studio Solution File, Format Version 12.00
# Visual Studio 2013
VisualStudioVersion = 12.0.30501.0
MinimumVisualStudioVersion = 10.0.40219.1
Project("{FAE04EC0-301F-11D3-BF4B-00C04F79EFBC}") = "BL_WebApi2_OData.EF.CRUD", "BL_WebApi2_OData.EF.CRUD\BL_WebApi2_OData.EF.CRUD.csproj", "{3850CD7A-5030-4EB1-969B-5F27C64ECFFB}"
EndProject
Global
	GlobalSection(SolutionConfigurationPlatforms) = preSolution
		Debug|Any CPU = Debug|Any CPU
		Release|Any CPU = Release|Any CPU
	EndGlobalSection
	GlobalSection(ProjectConfigurationPlatforms) = postSolution
		{3850CD7A-5030-4EB1-969B-5F27C64ECFFB}.Debug|Any CPU.ActiveCfg = Debug|Any CPU
		{3850CD7A-5030-4EB1-969B-5F27C64ECFFB}.Debug|Any CPU.Build.0 = Debug|Any CPU
		{3850CD7A-5030-4EB1-969B-5F27C64ECFFB}.Release|Any CPU.ActiveCfg = Release|Any CPU
		{3850CD7A-5030-4EB1-969B-5F27C64ECFFB}.Release|Any CPU.Build.0 = Release|Any CPU
	EndGlobalSection
	GlobalSection(SolutionProperties) = preSolution
		HideSolutionNode = FALSE
	EndGlobalSection
EndGlobal
